lockfileVersion: '6.0'

settings:
  autoInstallPeers: true
  excludeLinksFromLockfile: false

dependencies:
  '@huggingface/blob':
    specifier: workspace:^
    version: link:../blob
  '@huggingface/tasks':
    specifier: workspace:^
    version: link:../tasks

devDependencies:
  '@types/node':
    specifier: ^20.12.8
    version: 20.12.10

packages:

  /@types/node@20.12.10:
    resolution: {integrity: sha512-Eem5pH9pmWBHoGAT8Dr5fdc5rYA+4NAovdM4EktRPVAAiJhmWWfQrA0cFhAbOsQdSfIHjAud6YdkbL69+zSKjw==}
    dependencies:
      undici-types: 5.26.5
    dev: true

  /undici-types@5.26.5:
    resolution: {integrity: sha512-JlCMO+ehdEIKqlFxk6IfVoAUVmgz7cU7zD/h9XZ0qzeosSHmUJVOzSQvvYSYWXkFXC+IfLKSIffhv0sVZup6pA==}
    dev: true
