lockfileVersion: '9.0'

settings:
  autoInstallPeers: true
  excludeLinksFromLockfile: false

patchedDependencies:
  blake3-jit@1.0.0:
    hash: 439f50ee6911af6b67399e2d2185ef5e23224473bdcf37289b798d3b254f1ef9
    path: ../xetchunk-wasm/patches/blake3-jit.patch

importers:

  .:
    dependencies:
      '@huggingface/tasks':
        specifier: workspace:^
        version: link:../tasks
    devDependencies:
      '@types/node':
        specifier: ^20.12.8
        version: 20.12.10

packages:

  '@types/node@20.12.10':
    resolution: {integrity: sha512-Eem5pH9pmWBHoGAT8Dr5fdc5rYA+4NAovdM4EktRPVAAiJhmWWfQrA0cFhAbOsQdSfIHjAud6YdkbL69+zSKjw==}

  undici-types@5.26.5:
    resolution: {integrity: sha512-JlCMO+ehdEIKqlFxk6IfVoAUVmgz7cU7zD/h9XZ0qzeosSHmUJVOzSQvvYSYWXkFXC+IfLKSIffhv0sVZup6pA==}

snapshots:

  '@types/node@20.12.10':
    dependencies:
      undici-types: 5.26.5

  undici-types@5.26.5: {}
