lockfileVersion: '9.0'

settings:
  autoInstallPeers: true
  excludeLinksFromLockfile: false

importers:

  .:
    dependencies:
      '@huggingface/inference':
        specifier: workspace:^
        version: link:../inference
      '@huggingface/mcp-client':
        specifier: workspace:^
        version: link:../mcp-client
      zod:
        specifier: ^3.24.4
        version: 3.24.4

packages:

  zod@3.24.4:
    resolution: {integrity: sha512-OdqJE9UDRPwWsrHjLN2F8bPxvwJBK22EHLWtanu0LSYr5YqzsaaW3RMgmjwr8Rypg5k+meEJdSPXJZXE/yqOMg==}

snapshots:

  zod@3.24.4: {}
