lockfileVersion: '6.0'

settings:
  autoInstallPeers: true
  excludeLinksFromLockfile: false

dependencies:
  '@huggingface/inference':
    specifier: ^2.6.1
    version: 2.6.6

devDependencies:
  type-fest:
    specifier: ^3.9.0
    version: 3.9.0

packages:

  /@huggingface/inference@2.6.6:
    resolution: {integrity: sha512-5VEsrKj/gQ0BViUHX43VFlgbVH5OR+w6/auTQkvMqnxF3e8yK2AqAVP+zoF4dcm1DEnxUkPGeNYrxOwIUFxjuw==}
    engines: {node: '>=18'}
    dev: false

  /type-fest@3.9.0:
    resolution: {integrity: sha512-hR8JP2e8UiH7SME5JZjsobBlEiatFoxpzCP+R3ZeCo7kAaG1jXQE5X/buLzogM6GJu8le9Y4OcfNuIQX0rZskA==}
    engines: {node: '>=14.16'}
    dev: true
