lockfileVersion: '9.0'

settings:
  autoInstallPeers: true
  excludeLinksFromLockfile: false

importers:

  .:
    dependencies:
      '@huggingface/jinja':
        specifier: workspace:^
        version: link:../jinja
    devDependencies:
      '@types/node':
        specifier: ^20.12.8
        version: 20.12.10

packages:

  '@types/node@20.12.10':
    resolution: {integrity: sha512-Eem5pH9pmWBHoGAT8Dr5fdc5rYA+4NAovdM4EktRPVAAiJhmWWfQrA0cFhAbOsQdSfIHjAud6YdkbL69+zSKjw==}

  undici-types@5.26.5:
    resolution: {integrity: sha512-JlCMO+ehdEIKqlFxk6IfVoAUVmgz7cU7zD/h9XZ0qzeosSHmUJVOzSQvvYSYWXkFXC+IfLKSIffhv0sVZup6pA==}

snapshots:

  '@types/node@20.12.10':
    dependencies:
      undici-types: 5.26.5

  undici-types@5.26.5: {}
