lockfileVersion: '9.0'

settings:
  autoInstallPeers: true
  excludeLinksFromLockfile: false

importers:

  .:
    dependencies:
      hyparquet:
        specifier: ^1.25.1
        version: 1.30.1
    devDependencies:
      '@types/node':
        specifier: ^20.12.8
        version: 20.19.43

packages:

  '@types/node@20.19.43':
    resolution: {integrity: sha512-6oYBAi5ikg4Pl+kGsoYtawUMBT2zZMCvPNF7pVLnHZfd1zf38DRiWn/gT01RYCdUqkv7Fhr+C9ot4/tb+2sVvA==}

  hyparquet@1.30.1:
    resolution: {integrity: sha512-307mnGbxzx0nXPGTV6Mhp10gKIu6t+NhvBQJF+PVQsHA295sqznlVOqEAH+fohH2Rqx7NV0Myh9rmuM9E9Ch+w==}

  undici-types@6.21.0:
    resolution: {integrity: sha512-iwDZqg0QAGrg9Rav5H4n0M64c3mkR59cJ6wQp+7C4nI0gsmExaedaYLNO44eT4AtBBwjbTiGPMlt2Md0T9H9JQ==}

snapshots:

  '@types/node@20.19.43':
    dependencies:
      undici-types: 6.21.0

  hyparquet@1.30.1: {}

  undici-types@6.21.0: {}
