lockfileVersion: '9.0'

settings:
  autoInstallPeers: true
  excludeLinksFromLockfile: false

importers:

  .:
    devDependencies:
      assemblyscript:
        specifier: ^0.27.36
        version: 0.27.36

packages:

  assemblyscript@0.27.36:
    resolution: {integrity: sha512-1qX2zf6p7l/mNYv8r21jC/Yft7kX7XKR3xUHw41zvV4xad5lyC8w7jZiwZBGoy64VKZLc+bTDJDWi8Kb70YrHA==}
    engines: {node: '>=18', npm: '>=10'}
    hasBin: true

  binaryen@116.0.0-nightly.20240114:
    resolution: {integrity: sha512-0GZrojJnuhoe+hiwji7QFaL3tBlJoA+KFUN7ouYSDGZLSo9CKM8swQX8n/UcbR0d1VuZKU+nhogNzv423JEu5A==}
    hasBin: true

  long@5.3.2:
    resolution: {integrity: sha512-mNAgZ1GmyNhD7AuqnTG3/VQ26o760+ZYBPKjPvugO8+nLbYfX6TVpJPseBvopbdY+qpZ/lKUnmEc1LeZYS3QAA==}

snapshots:

  assemblyscript@0.27.36:
    dependencies:
      binaryen: 116.0.0-nightly.20240114
      long: 5.3.2

  binaryen@116.0.0-nightly.20240114: {}

  long@5.3.2: {}
